
Microsoft Visual Studio Solution File, Format Version 11.00
# Visual Studio 2010
Project("{FAE04EC0-301F-11D3-BF4B-00C04F79EFBC}") = "ProductBaseManagementSystem", "ProductBaseManagementSystem\ProductBaseManagementSystem.csproj", "{9BD1C6B2-4F48-4E63-B978-29C66F0865A5}"
EndProject
Project("{FAE04EC0-301F-11D3-BF4B-00C04F79EFBC}") = "BusinessLogicalLayer", "BusinessLogicalLayer\BusinessLogicalLayer.csproj", "{59827A88-9D7E-49E4-95A9-2B7AAB2F3C08}"
EndProject
Project("{FAE04EC0-301F-11D3-BF4B-00C04F79EFBC}") = "DataAccessLayer", "DataAccessLayer\DataAccessLayer.csproj", "{C888FE7F-1C1F-44FF-934A-51B305C786EB}"
EndProject
Global
	GlobalSection(SolutionConfigurationPlatforms) = preSolution
		Debug|Any CPU = Debug|Any CPU
		Debug|Mixed Platforms = Debug|Mixed Platforms
		Debug|x86 = Debug|x86
		Release|Any CPU = Release|Any CPU
		Release|Mixed Platforms = Release|Mixed Platforms
		Release|x86 = Release|x86
	EndGlobalSection
	GlobalSection(ProjectConfigurationPlatforms) = postSolution
		{9BD1C6B2-4F48-4E63-B978-29C66F0865A5}.Debug|Any CPU.ActiveCfg = Debug|x86
		{9BD1C6B2-4F48-4E63-B978-29C66F0865A5}.Debug|Mixed Platforms.ActiveCfg = Debug|x86
		{9BD1C6B2-4F48-4E63-B978-29C66F0865A5}.Debug|Mixed Platforms.Build.0 = Debug|x86
		{9BD1C6B2-4F48-4E63-B978-29C66F0865A5}.Debug|x86.ActiveCfg = Debug|x86
		{9BD1C6B2-4F48-4E63-B978-29C66F0865A5}.Debug|x86.Build.0 = Debug|x86
		{9BD1C6B2-4F48-4E63-B978-29C66F0865A5}.Release|Any CPU.ActiveCfg = Release|x86
		{9BD1C6B2-4F48-4E63-B978-29C66F0865A5}.Release|Mixed Platforms.ActiveCfg = Release|x86
		{9BD1C6B2-4F48-4E63-B978-29C66F0865A5}.Release|Mixed Platforms.Build.0 = Release|x86
		{9BD1C6B2-4F48-4E63-B978-29C66F0865A5}.Release|x86.ActiveCfg = Release|x86
		{9BD1C6B2-4F48-4E63-B978-29C66F0865A5}.Release|x86.Build.0 = Release|x86
		{59827A88-9D7E-49E4-95A9-2B7AAB2F3C08}.Debug|Any CPU.ActiveCfg = Debug|Any CPU
		{59827A88-9D7E-49E4-95A9-2B7AAB2F3C08}.Debug|Any CPU.Build.0 = Debug|Any CPU
		{59827A88-9D7E-49E4-95A9-2B7AAB2F3C08}.Debug|Mixed Platforms.ActiveCfg = Debug|Any CPU
		{59827A88-9D7E-49E4-95A9-2B7AAB2F3C08}.Debug|Mixed Platforms.Build.0 = Debug|Any CPU
		{59827A88-9D7E-49E4-95A9-2B7AAB2F3C08}.Debug|x86.ActiveCfg = Debug|Any CPU
		{59827A88-9D7E-49E4-95A9-2B7AAB2F3C08}.Release|Any CPU.ActiveCfg = Release|Any CPU
		{59827A88-9D7E-49E4-95A9-2B7AAB2F3C08}.Release|Any CPU.Build.0 = Release|Any CPU
		{59827A88-9D7E-49E4-95A9-2B7AAB2F3C08}.Release|Mixed Platforms.ActiveCfg = Release|Any CPU
		{59827A88-9D7E-49E4-95A9-2B7AAB2F3C08}.Release|Mixed Platforms.Build.0 = Release|Any CPU
		{59827A88-9D7E-49E4-95A9-2B7AAB2F3C08}.Release|x86.ActiveCfg = Release|Any CPU
		{C888FE7F-1C1F-44FF-934A-51B305C786EB}.Debug|Any CPU.ActiveCfg = Debug|Any CPU
		{C888FE7F-1C1F-44FF-934A-51B305C786EB}.Debug|Any CPU.Build.0 = Debug|Any CPU
		{C888FE7F-1C1F-44FF-934A-51B305C786EB}.Debug|Mixed Platforms.ActiveCfg = Debug|Any CPU
		{C888FE7F-1C1F-44FF-934A-51B305C786EB}.Debug|Mixed Platforms.Build.0 = Debug|Any CPU
		{C888FE7F-1C1F-44FF-934A-51B305C786EB}.Debug|x86.ActiveCfg = Debug|Any CPU
		{C888FE7F-1C1F-44FF-934A-51B305C786EB}.Release|Any CPU.ActiveCfg = Release|Any CPU
		{C888FE7F-1C1F-44FF-934A-51B305C786EB}.Release|Any CPU.Build.0 = Release|Any CPU
		{C888FE7F-1C1F-44FF-934A-51B305C786EB}.Release|Mixed Platforms.ActiveCfg = Release|Any CPU
		{C888FE7F-1C1F-44FF-934A-51B305C786EB}.Release|Mixed Platforms.Build.0 = Release|Any CPU
		{C888FE7F-1C1F-44FF-934A-51B305C786EB}.Release|x86.ActiveCfg = Release|Any CPU
	EndGlobalSection
	GlobalSection(SolutionProperties) = preSolution
		HideSolutionNode = FALSE
	EndGlobalSection
EndGlobal
